<?xml version="1.0" encoding="utf-8"?>
<Project ToolsVersion="4.0" xmlns="http://schemas.microsoft.com/developer/msbuild/2003">
  <ItemGroup>
    <Filter Include="Source Files">
      <UniqueIdentifier>{4FC737F1-C7A5-4376-A066-2A32D752A2FF}</UniqueIdentifier>
      <Extensions>cpp;c;cc;cxx;def;odl;idl;hpj;bat;asm;asmx</Extensions>
    </Filter>
    <Filter Include="Header Files">
      <UniqueIdentifier>{93995380-89BD-4b04-88EB-625FBE52EBFB}</UniqueIdentifier>
      <Extensions>h;hh;hpp;hxx;hm;inl;inc;xsd</Extensions>
    </Filter>
    <Filter Include="Resource Files">
      <UniqueIdentifier>{67DA6AB6-F800-4c08-8B7A-83BB121AAD01}</UniqueIdentifier>
      <Extensions>rc;ico;cur;bmp;dlg;rc2;rct;bin;rgs;gif;jpg;jpeg;jpe;resx;tiff;tif;png;wav;mfcribbon-ms</Extensions>
    </Filter>
  </ItemGroup>
  <ItemGroup>
    <None Include="TestTests.ino" />
  </ItemGroup>
  <ItemGroup>
    <ClInclude Include="__vm\.TestTests.vsarduino.h">
      <Filter>Header Files</Filter>
    </ClInclude>
    <ClInclude Include="ElectronicLoad.h">
      <Filter>Header Files</Filter>
    </ClInclude>
    <ClInclude Include="Communicator.h">
      <Filter>Header Files</Filter>
    </ClInclude>
    <ClInclude Include="esp_base64.h">
      <Filter>Header Files</Filter>
    </ClInclude>
    <ClInclude Include="parserUtils.h">
      <Filter>Header Files</Filter>
    </ClInclude>
    <ClInclude Include="SpiffsPersistentSettingsUtils.h">
      <Filter>Header Files</Filter>
    </ClInclude>
    <ClInclude Include="BatteryTest.h">
      <Filter>Header Files</Filter>
    </ClInclude>
    <ClInclude Include="FastTest.h">
      <Filter>Header Files</Filter>
    </ClInclude>
    <ClInclude Include="VoltageTest.h">
      <Filter>Header Files</Filter>
    </ClInclude>
    <ClInclude Include="DischargeTest.h">
      <Filter>Header Files</Filter>
    </ClInclude>
    <ClInclude Include="TestScheduler.h">
      <Filter>Header Files</Filter>
    </ClInclude>
    <ClInclude Include="NTPManager.h">
      <Filter>Header Files</Filter>
    </ClInclude>
    <ClInclude Include="StatusDisplay.h">
      <Filter>Header Files</Filter>
    </ClInclude>
    <ClInclude Include="SerialManager.h">
      <Filter>Header Files</Filter>
    </ClInclude>
    <ClInclude Include="Battery.h">
      <Filter>Header Files</Filter>
    </ClInclude>
  </ItemGroup>
  <ItemGroup>
    <ClCompile Include="ElectronicLoad.cpp">
      <Filter>Source Files</Filter>
    </ClCompile>
    <ClCompile Include="Communicator.cpp">
      <Filter>Source Files</Filter>
    </ClCompile>
    <ClCompile Include="esp_base64.cpp">
      <Filter>Source Files</Filter>
    </ClCompile>
    <ClCompile Include="parserUtils.cpp">
      <Filter>Source Files</Filter>
    </ClCompile>
    <ClCompile Include="SpiffsPersistentSettingsUtils.cpp">
      <Filter>Source Files</Filter>
    </ClCompile>
    <ClCompile Include="BatteryTest.cpp">
      <Filter>Source Files</Filter>
    </ClCompile>
    <ClCompile Include="FastTest.cpp">
      <Filter>Source Files</Filter>
    </ClCompile>
    <ClCompile Include="VoltageTest.cpp">
      <Filter>Source Files</Filter>
    </ClCompile>
    <ClCompile Include="DischargeTest.cpp">
      <Filter>Source Files</Filter>
    </ClCompile>
    <ClCompile Include="TestScheduler.cpp">
      <Filter>Source Files</Filter>
    </ClCompile>
    <ClCompile Include="NTPManager.cpp">
      <Filter>Source Files</Filter>
    </ClCompile>
    <ClCompile Include="StatusDisplay.cpp">
      <Filter>Source Files</Filter>
    </ClCompile>
    <ClCompile Include="SerialManager.cpp">
      <Filter>Source Files</Filter>
    </ClCompile>
    <ClCompile Include="Battery.cpp">
      <Filter>Source Files</Filter>
    </ClCompile>
  </ItemGroup>
</Project>